{
  "object": {
    "pins": [
      {
        "package": "MRZParser",
        "repositoryURL": "https://github.com/kiroskirin/MRZParser.git",
        "state": {
          "branch": null,
          "revision": "703d9ec4029c0b04f99b83742edf28753609dfea",
          "version": "1.1.4"
        }
      }
    ]
  },
  "version": 1
}
